Microsoft Visual Studio Solution File, Format Version 12.00
# Visual Studio 15
VisualStudioVersion = 15.0.26430.13
MinimumVisualStudioVersion = 10.0.40219.1
Project("{FAE04EC0-301F-11D3-BF4B-00C04F79EFBC}") = "CartridgeBuilder2.Cli", "CartridgeBuilder2.Cli\CartridgeBuilder2.Cli.csproj", "{5184D36E-B2A0-4661-8A09-AFB304BA0FBB}"
EndProject
Project("{FAE04EC0-301F-11D3-BF4B-00C04F79EFBC}") = "CartridgeBuilder2.Lib", "CartridgeBuilder2.Lib\CartridgeBuilder2.Lib.csproj", "{EA1872A7-E6AF-44D6-B51F-35642FDEDF7E}"
EndProject
Project("{2150E333-8FDC-42A3-9474-1A3956D46DE8}") = "Cli", "Cli", "{CBC5BDC5-C5C8-48F2-B15E-F26A4A2EA2CE}"
EndProject
Project("{2150E333-8FDC-42A3-9474-1A3956D46DE8}") = "Lib", "Lib", "{CC1C4F07-D2BF-4634-A63B-C5B32DC737F4}"
EndProject
Project("{2150E333-8FDC-42A3-9474-1A3956D46DE8}") = "Test", "Test", "{61E12921-BF4F-4C83-A624-193D28F2C55C}"
EndProject
Project("{FAE04EC0-301F-11D3-BF4B-00C04F79EFBC}") = "CartridgeBuilder2.Lib.Test", "CartridgeBuilder2.Lib.Test\CartridgeBuilder2.Lib.Test.csproj", "{A88FCE79-24E3-4585-8F65-81DB0F527A77}"
EndProject
Project("{FAE04EC0-301F-11D3-BF4B-00C04F79EFBC}") = "CartridgeBuilder2.Cli.Test", "CartridgeBuilder2.Cli.Test\CartridgeBuilder2.Cli.Test.csproj", "{CFEDFD92-6587-466C-895D-3A6EB78F9679}"
EndProject
Project("{2150E333-8FDC-42A3-9474-1A3956D46DE8}") = "Docs", "Docs", "{C16E1BF9-C43F-45F6-8FFA-E409C762F275}"
ProjectSection(SolutionItems) = preProject
	..\LICENSE = ..\LICENSE
	..\README.md = ..\README.md
EndProjectSection
EndProject
Global
	GlobalSection(SolutionConfigurationPlatforms) = preSolution
		Debug|Any CPU = Debug|Any CPU
		Release|Any CPU = Release|Any CPU
	EndGlobalSection
	GlobalSection(ProjectConfigurationPlatforms) = postSolution
		{5184D36E-B2A0-4661-8A09-AFB304BA0FBB}.Debug|Any CPU.ActiveCfg = Debug|Any CPU
		{5184D36E-B2A0-4661-8A09-AFB304BA0FBB}.Debug|Any CPU.Build.0 = Debug|Any CPU
		{5184D36E-B2A0-4661-8A09-AFB304BA0FBB}.Release|Any CPU.ActiveCfg = Release|Any CPU
		{5184D36E-B2A0-4661-8A09-AFB304BA0FBB}.Release|Any CPU.Build.0 = Release|Any CPU
		{EA1872A7-E6AF-44D6-B51F-35642FDEDF7E}.Debug|Any CPU.ActiveCfg = Debug|Any CPU
		{EA1872A7-E6AF-44D6-B51F-35642FDEDF7E}.Debug|Any CPU.Build.0 = Debug|Any CPU
		{EA1872A7-E6AF-44D6-B51F-35642FDEDF7E}.Release|Any CPU.ActiveCfg = Release|Any CPU
		{EA1872A7-E6AF-44D6-B51F-35642FDEDF7E}.Release|Any CPU.Build.0 = Release|Any CPU
		{A88FCE79-24E3-4585-8F65-81DB0F527A77}.Debug|Any CPU.ActiveCfg = Debug|Any CPU
		{A88FCE79-24E3-4585-8F65-81DB0F527A77}.Debug|Any CPU.Build.0 = Debug|Any CPU
		{A88FCE79-24E3-4585-8F65-81DB0F527A77}.Release|Any CPU.ActiveCfg = Release|Any CPU
		{A88FCE79-24E3-4585-8F65-81DB0F527A77}.Release|Any CPU.Build.0 = Release|Any CPU
		{CFEDFD92-6587-466C-895D-3A6EB78F9679}.Debug|Any CPU.ActiveCfg = Debug|Any CPU
		{CFEDFD92-6587-466C-895D-3A6EB78F9679}.Debug|Any CPU.Build.0 = Debug|Any CPU
		{CFEDFD92-6587-466C-895D-3A6EB78F9679}.Release|Any CPU.ActiveCfg = Release|Any CPU
		{CFEDFD92-6587-466C-895D-3A6EB78F9679}.Release|Any CPU.Build.0 = Release|Any CPU
	EndGlobalSection
	GlobalSection(SolutionProperties) = preSolution
		HideSolutionNode = FALSE
	EndGlobalSection
	GlobalSection(NestedProjects) = preSolution
		{5184D36E-B2A0-4661-8A09-AFB304BA0FBB} = {CBC5BDC5-C5C8-48F2-B15E-F26A4A2EA2CE}
		{EA1872A7-E6AF-44D6-B51F-35642FDEDF7E} = {CC1C4F07-D2BF-4634-A63B-C5B32DC737F4}
		{A88FCE79-24E3-4585-8F65-81DB0F527A77} = {61E12921-BF4F-4C83-A624-193D28F2C55C}
		{CFEDFD92-6587-466C-895D-3A6EB78F9679} = {61E12921-BF4F-4C83-A624-193D28F2C55C}
	EndGlobalSection
EndGlobal
